{
  "originHash" : "f3c866e484194d53f084a3b4c2738cd9c6c7ccc9411c4602506620c5abc3c6e3",
  "pins" : [
    {
      "identity" : "bottomsheet",
      "kind" : "remoteSourceControl",
      "location" : "https://github.com/Wouter125/BottomSheet",
      "state" : {
        "revision" : "44ab4103c63b07777bef40b91d5a21c3a12dbda4",
        "version" : "1.4.5"
      }
    },
    {
      "identity" : "snapkit",
      "kind" : "remoteSourceControl",
      "location" : "https://github.com/SnapKit/SnapKit",
      "state" : {
        "revision" : "2842e6e84e82eb9a8dac0100ca90d9444b0307f4",
        "version" : "5.7.1"
      }
    }
  ],
  "version" : 3
}
