// !$*UTF8*$!
{
	archiveVersion = 1;
	classes = {
	};
	objectVersion = 56;
	objects = {

/* Begin PBXBuildFile section */
		ED6B31172BB18E070012B377 /* SegmentedControl.swift in Sources */ = {isa = PBXBuildFile; fileRef = ED6B31162BB18E070012B377 /* SegmentedControl.swift */; };
		ED6B31192BB191F90012B377 /* ForecastModel.swift in Sources */ = {isa = PBXBuildFile; fileRef = ED6B31182BB191F90012B377 /* ForecastModel.swift */; };
		ED6B311B2BB194000012B377 /* ForecastCard.swift in Sources */ = {isa = PBXBuildFile; fileRef = ED6B311A2BB194000012B377 /* ForecastCard.swift */; };
		ED6B311D2BB1999B0012B377 /* NavigationBar.swift in Sources */ = {isa = PBXBuildFile; fileRef = ED6B311C2BB1999B0012B377 /* NavigationBar.swift */; };
		ED6B311F2BB19A9C0012B377 /* WeatherView.swift in Sources */ = {isa = PBXBuildFile; fileRef = ED6B311E2BB19A9C0012B377 /* WeatherView.swift */; };
		ED6B31212BB19FCE0012B377 /* WeatherWidget.swift in Sources */ = {isa = PBXBuildFile; fileRef = ED6B31202BB19FCE0012B377 /* WeatherWidget.swift */; };
		EDC3FDA52B95D08900521043 /* Blur.swift in Sources */ = {isa = PBXBuildFile; fileRef = EDC3FDA42B95D08900521043 /* Blur.swift */; };
		EDC8C3B42B8F692900A6A2B5 /* WheatherUIApp.swift in Sources */ = {isa = PBXBuildFile; fileRef = EDC8C3B32B8F692900A6A2B5 /* WheatherUIApp.swift */; };
		EDC8C3B62B8F692900A6A2B5 /* ContentView.swift in Sources */ = {isa = PBXBuildFile; fileRef = EDC8C3B52B8F692900A6A2B5 /* ContentView.swift */; };
		EDC8C3B82B8F692C00A6A2B5 /* Assets.xcassets in Resources */ = {isa = PBXBuildFile; fileRef = EDC8C3B72B8F692C00A6A2B5 /* Assets.xcassets */; };
		EDC8C3BB2B8F692C00A6A2B5 /* Preview Assets.xcassets in Resources */ = {isa = PBXBuildFile; fileRef = EDC8C3BA2B8F692C00A6A2B5 /* Preview Assets.xcassets */; };
		EDC8C3C52B8F692D00A6A2B5 /* WheatherUITests.swift in Sources */ = {isa = PBXBuildFile; fileRef = EDC8C3C42B8F692D00A6A2B5 /* WheatherUITests.swift */; };
		EDC8C3CF2B8F692D00A6A2B5 /* WheatherUIUITests.swift in Sources */ = {isa = PBXBuildFile; fileRef = EDC8C3CE2B8F692D00A6A2B5 /* WheatherUIUITests.swift */; };
		EDC8C3D12B8F692D00A6A2B5 /* WheatherUIUITestsLaunchTests.swift in Sources */ = {isa = PBXBuildFile; fileRef = EDC8C3D02B8F692D00A6A2B5 /* WheatherUIUITestsLaunchTests.swift */; };
		EDC8C3E72B8F711100A6A2B5 /* Extensions.swift in Sources */ = {isa = PBXBuildFile; fileRef = EDC8C3E62B8F711100A6A2B5 /* Extensions.swift */; };
		EDC8C3E92B8F742800A6A2B5 /* HomeView.swift in Sources */ = {isa = PBXBuildFile; fileRef = EDC8C3E82B8F742800A6A2B5 /* HomeView.swift */; };
		EDC8C3EB2B90A35900A6A2B5 /* TabBar.swift in Sources */ = {isa = PBXBuildFile; fileRef = EDC8C3EA2B90A35900A6A2B5 /* TabBar.swift */; };
		EDC8C3ED2B90AC9200A6A2B5 /* Shapes.swift in Sources */ = {isa = PBXBuildFile; fileRef = EDC8C3EC2B90AC9100A6A2B5 /* Shapes.swift */; };
		EDC8C3F22B90C34100A6A2B5 /* ForecastView.swift in Sources */ = {isa = PBXBuildFile; fileRef = EDC8C3F12B90C34100A6A2B5 /* ForecastView.swift */; };
		EDC8C3F82B9387EA00A6A2B5 /* CornerRadius.swift in Sources */ = {isa = PBXBuildFile; fileRef = EDC8C3F72B9387EA00A6A2B5 /* CornerRadius.swift */; };
		EDC8C3FD2B93AA9F00A6A2B5 /* BottomSheet in Frameworks */ = {isa = PBXBuildFile; productRef = EDC8C3FC2B93AA9F00A6A2B5 /* BottomSheet */; };
/* End PBXBuildFile section */

/* Begin PBXContainerItemProxy section */
		EDC8C3C12B8F692D00A6A2B5 /* PBXContainerItemProxy */ = {
			isa = PBXContainerItemProxy;
			containerPortal = EDC8C3A82B8F692900A6A2B5 /* Project object */;
			proxyType = 1;
			remoteGlobalIDString = EDC8C3AF2B8F692900A6A2B5;
			remoteInfo = WheatherUI;
		};
		EDC8C3CB2B8F692D00A6A2B5 /* PBXContainerItemProxy */ = {
			isa = PBXContainerItemProxy;
			containerPortal = EDC8C3A82B8F692900A6A2B5 /* Project object */;
			proxyType = 1;
			remoteGlobalIDString = EDC8C3AF2B8F692900A6A2B5;
			remoteInfo = WheatherUI;
		};
/* End PBXContainerItemProxy section */

/* Begin PBXFileReference section */
		ED6B31162BB18E070012B377 /* SegmentedControl.swift */ = {isa = PBXFileReference; lastKnownFileType = sourcecode.swift; path = SegmentedControl.swift; sourceTree = "<group>"; };
		ED6B31182BB191F90012B377 /* ForecastModel.swift */ = {isa = PBXFileReference; lastKnownFileType = sourcecode.swift; path = ForecastModel.swift; sourceTree = "<group>"; };
		ED6B311A2BB194000012B377 /* ForecastCard.swift */ = {isa = PBXFileReference; lastKnownFileType = sourcecode.swift; path = ForecastCard.swift; sourceTree = "<group>"; };
		ED6B311C2BB1999B0012B377 /* NavigationBar.swift */ = {isa = PBXFileReference; lastKnownFileType = sourcecode.swift; path = NavigationBar.swift; sourceTree = "<group>"; };
		ED6B311E2BB19A9C0012B377 /* WeatherView.swift */ = {isa = PBXFileReference; lastKnownFileType = sourcecode.swift; path = WeatherView.swift; sourceTree = "<group>"; };
		ED6B31202BB19FCE0012B377 /* WeatherWidget.swift */ = {isa = PBXFileReference; lastKnownFileType = sourcecode.swift; path = WeatherWidget.swift; sourceTree = "<group>"; };
		EDC3FDA42B95D08900521043 /* Blur.swift */ = {isa = PBXFileReference; lastKnownFileType = sourcecode.swift; path = Blur.swift; sourceTree = "<group>"; };
		EDC8C3B02B8F692900A6A2B5 /* WheatherUI.app */ = {isa = PBXFileReference; explicitFileType = wrapper.application; includeInIndex = 0; path = WheatherUI.app; sourceTree = BUILT_PRODUCTS_DIR; };
		EDC8C3B32B8F692900A6A2B5 /* WheatherUIApp.swift */ = {isa = PBXFileReference; lastKnownFileType = sourcecode.swift; path = WheatherUIApp.swift; sourceTree = "<group>"; };
		EDC8C3B52B8F692900A6A2B5 /* ContentView.swift */ = {isa = PBXFileReference; lastKnownFileType = sourcecode.swift; path = ContentView.swift; sourceTree = "<group>"; };
		EDC8C3B72B8F692C00A6A2B5 /* Assets.xcassets */ = {isa = PBXFileReference; lastKnownFileType = folder.assetcatalog; path = Assets.xcassets; sourceTree = "<group>"; };
		EDC8C3BA2B8F692C00A6A2B5 /* Preview Assets.xcassets */ = {isa = PBXFileReference; lastKnownFileType = folder.assetcatalog; path = "Preview Assets.xcassets"; sourceTree = "<group>"; };
		EDC8C3C02B8F692D00A6A2B5 /* WheatherUITests.xctest */ = {isa = PBXFileReference; explicitFileType = wrapper.cfbundle; includeInIndex = 0; path = WheatherUITests.xctest; sourceTree = BUILT_PRODUCTS_DIR; };
		EDC8C3C42B8F692D00A6A2B5 /* WheatherUITests.swift */ = {isa = PBXFileReference; lastKnownFileType = sourcecode.swift; path = WheatherUITests.swift; sourceTree = "<group>"; };
		EDC8C3CA2B8F692D00A6A2B5 /* WheatherUIUITests.xctest */ = {isa = PBXFileReference; explicitFileType = wrapper.cfbundle; includeInIndex = 0; path = WheatherUIUITests.xctest; sourceTree = BUILT_PRODUCTS_DIR; };
		EDC8C3CE2B8F692D00A6A2B5 /* WheatherUIUITests.swift */ = {isa = PBXFileReference; lastKnownFileType = sourcecode.swift; path = WheatherUIUITests.swift; sourceTree = "<group>"; };
		EDC8C3D02B8F692D00A6A2B5 /* WheatherUIUITestsLaunchTests.swift */ = {isa = PBXFileReference; lastKnownFileType = sourcecode.swift; path = WheatherUIUITestsLaunchTests.swift; sourceTree = "<group>"; };
		EDC8C3E62B8F711100A6A2B5 /* Extensions.swift */ = {isa = PBXFileReference; lastKnownFileType = sourcecode.swift; path = Extensions.swift; sourceTree = "<group>"; };
		EDC8C3E82B8F742800A6A2B5 /* HomeView.swift */ = {isa = PBXFileReference; lastKnownFileType = sourcecode.swift; path = HomeView.swift; sourceTree = "<group>"; };
		EDC8C3EA2B90A35900A6A2B5 /* TabBar.swift */ = {isa = PBXFileReference; lastKnownFileType = sourcecode.swift; path = TabBar.swift; sourceTree = "<group>"; };
		EDC8C3EC2B90AC9100A6A2B5 /* Shapes.swift */ = {isa = PBXFileReference; lastKnownFileType = sourcecode.swift; path = Shapes.swift; sourceTree = "<group>"; };
		EDC8C3F12B90C34100A6A2B5 /* ForecastView.swift */ = {isa = PBXFileReference; lastKnownFileType = sourcecode.swift; path = ForecastView.swift; sourceTree = "<group>"; };
		EDC8C3F72B9387EA00A6A2B5 /* CornerRadius.swift */ = {isa = PBXFileReference; lastKnownFileType = sourcecode.swift; path = CornerRadius.swift; sourceTree = "<group>"; };
/* End PBXFileReference section */

/* Begin PBXFrameworksBuildPhase section */
		EDC8C3AD2B8F692900A6A2B5 /* Frameworks */ = {
			isa = PBXFrameworksBuildPhase;
			buildActionMask = 2147483647;
			files = (
				EDC8C3FD2B93AA9F00A6A2B5 /* BottomSheet in Frameworks */,
			);
			runOnlyForDeploymentPostprocessing = 0;
		};
		EDC8C3BD2B8F692D00A6A2B5 /* Frameworks */ = {
			isa = PBXFrameworksBuildPhase;
			buildActionMask = 2147483647;
			files = (
			);
			runOnlyForDeploymentPostprocessing = 0;
		};
		EDC8C3C72B8F692D00A6A2B5 /* Frameworks */ = {
			isa = PBXFrameworksBuildPhase;
			buildActionMask = 2147483647;
			files = (
			);
			runOnlyForDeploymentPostprocessing = 0;
		};
/* End PBXFrameworksBuildPhase section */

/* Begin PBXGroup section */
		EDC8C3A72B8F692900A6A2B5 = {
			isa = PBXGroup;
			children = (
				EDC8C3B22B8F692900A6A2B5 /* WheatherUI */,
				EDC8C3C32B8F692D00A6A2B5 /* WheatherUITests */,
				EDC8C3CD2B8F692D00A6A2B5 /* WheatherUIUITests */,
				EDC8C3B12B8F692900A6A2B5 /* Products */,
			);
			sourceTree = "<group>";
		};
		EDC8C3B12B8F692900A6A2B5 /* Products */ = {
			isa = PBXGroup;
			children = (
				EDC8C3B02B8F692900A6A2B5 /* WheatherUI.app */,
				EDC8C3C02B8F692D00A6A2B5 /* WheatherUITests.xctest */,
				EDC8C3CA2B8F692D00A6A2B5 /* WheatherUIUITests.xctest */,
			);
			name = Products;
			sourceTree = "<group>";
		};
		EDC8C3B22B8F692900A6A2B5 /* WheatherUI */ = {
			isa = PBXGroup;
			children = (
				EDC8C3E12B8F6E2100A6A2B5 /* Views */,
				EDC8C3DF2B8F6E0A00A6A2B5 /* Models */,
				EDC8C3DE2B8F6DF300A6A2B5 /* Utils */,
				EDC8C3B32B8F692900A6A2B5 /* WheatherUIApp.swift */,
				EDC8C3B72B8F692C00A6A2B5 /* Assets.xcassets */,
				EDC8C3B92B8F692C00A6A2B5 /* Preview Content */,
			);
			path = WheatherUI;
			sourceTree = "<group>";
		};
		EDC8C3B92B8F692C00A6A2B5 /* Preview Content */ = {
			isa = PBXGroup;
			children = (
				EDC8C3BA2B8F692C00A6A2B5 /* Preview Assets.xcassets */,
			);
			path = "Preview Content";
			sourceTree = "<group>";
		};
		EDC8C3C32B8F692D00A6A2B5 /* WheatherUITests */ = {
			isa = PBXGroup;
			children = (
				EDC8C3C42B8F692D00A6A2B5 /* WheatherUITests.swift */,
			);
			path = WheatherUITests;
			sourceTree = "<group>";
		};
		EDC8C3CD2B8F692D00A6A2B5 /* WheatherUIUITests */ = {
			isa = PBXGroup;
			children = (
				EDC8C3CE2B8F692D00A6A2B5 /* WheatherUIUITests.swift */,
				EDC8C3D02B8F692D00A6A2B5 /* WheatherUIUITestsLaunchTests.swift */,
			);
			path = WheatherUIUITests;
			sourceTree = "<group>";
		};
		EDC8C3DE2B8F6DF300A6A2B5 /* Utils */ = {
			isa = PBXGroup;
			children = (
				EDC8C3E62B8F711100A6A2B5 /* Extensions.swift */,
				EDC8C3EC2B90AC9100A6A2B5 /* Shapes.swift */,
			);
			path = Utils;
			sourceTree = "<group>";
		};
		EDC8C3DF2B8F6E0A00A6A2B5 /* Models */ = {
			isa = PBXGroup;
			children = (
				ED6B31182BB191F90012B377 /* ForecastModel.swift */,
			);
			path = Models;
			sourceTree = "<group>";
		};
		EDC8C3E12B8F6E2100A6A2B5 /* Views */ = {
			isa = PBXGroup;
			children = (
				EDC8C3E22B8F6E5000A6A2B5 /* Main */,
				EDC8C3E32B8F6E5C00A6A2B5 /* Navigation */,
				EDC8C3E42B8F6E6C00A6A2B5 /* Detail */,
				EDC8C3E52B8F6E8600A6A2B5 /* Components */,
			);
			path = Views;
			sourceTree = "<group>";
		};
		EDC8C3E22B8F6E5000A6A2B5 /* Main */ = {
			isa = PBXGroup;
			children = (
				EDC8C3B52B8F692900A6A2B5 /* ContentView.swift */,
				EDC8C3E82B8F742800A6A2B5 /* HomeView.swift */,
			);
			path = Main;
			sourceTree = "<group>";
		};
		EDC8C3E32B8F6E5C00A6A2B5 /* Navigation */ = {
			isa = PBXGroup;
			children = (
				EDC8C3EA2B90A35900A6A2B5 /* TabBar.swift */,
				ED6B311C2BB1999B0012B377 /* NavigationBar.swift */,
			);
			path = Navigation;
			sourceTree = "<group>";
		};
		EDC8C3E42B8F6E6C00A6A2B5 /* Detail */ = {
			isa = PBXGroup;
			children = (
				EDC8C3F12B90C34100A6A2B5 /* ForecastView.swift */,
				EDC8C3F72B9387EA00A6A2B5 /* CornerRadius.swift */,
				ED6B311E2BB19A9C0012B377 /* WeatherView.swift */,
			);
			path = Detail;
			sourceTree = "<group>";
		};
		EDC8C3E52B8F6E8600A6A2B5 /* Components */ = {
			isa = PBXGroup;
			children = (
				EDC3FDA42B95D08900521043 /* Blur.swift */,
				ED6B31162BB18E070012B377 /* SegmentedControl.swift */,
				ED6B311A2BB194000012B377 /* ForecastCard.swift */,
				ED6B31202BB19FCE0012B377 /* WeatherWidget.swift */,
			);
			path = Components;
			sourceTree = "<group>";
		};
/* End PBXGroup section */

/* Begin PBXNativeTarget section */
		EDC8C3AF2B8F692900A6A2B5 /* WheatherUI */ = {
			isa = PBXNativeTarget;
			buildConfigurationList = EDC8C3D42B8F692D00A6A2B5 /* Build configuration list for PBXNativeTarget "WheatherUI" */;
			buildPhases = (
				EDC8C3AC2B8F692900A6A2B5 /* Sources */,
				EDC8C3AD2B8F692900A6A2B5 /* Frameworks */,
				EDC8C3AE2B8F692900A6A2B5 /* Resources */,
			);
			buildRules = (
			);
			dependencies = (
			);
			name = WheatherUI;
			packageProductDependencies = (
				EDC8C3FC2B93AA9F00A6A2B5 /* BottomSheet */,
			);
			productName = WheatherUI;
			productReference = EDC8C3B02B8F692900A6A2B5 /* WheatherUI.app */;
			productType = "com.apple.product-type.application";
		};
		EDC8C3BF2B8F692D00A6A2B5 /* WheatherUITests */ = {
			isa = PBXNativeTarget;
			buildConfigurationList = EDC8C3D72B8F692D00A6A2B5 /* Build configuration list for PBXNativeTarget "WheatherUITests" */;
			buildPhases = (
				EDC8C3BC2B8F692D00A6A2B5 /* Sources */,
				EDC8C3BD2B8F692D00A6A2B5 /* Frameworks */,
				EDC8C3BE2B8F692D00A6A2B5 /* Resources */,
			);
			buildRules = (
			);
			dependencies = (
				EDC8C3C22B8F692D00A6A2B5 /* PBXTargetDependency */,
			);
			name = WheatherUITests;
			productName = WheatherUITests;
			productReference = EDC8C3C02B8F692D00A6A2B5 /* WheatherUITests.xctest */;
			productType = "com.apple.product-type.bundle.unit-test";
		};
		EDC8C3C92B8F692D00A6A2B5 /* WheatherUIUITests */ = {
			isa = PBXNativeTarget;
			buildConfigurationList = EDC8C3DA2B8F692D00A6A2B5 /* Build configuration list for PBXNativeTarget "WheatherUIUITests" */;
			buildPhases = (
				EDC8C3C62B8F692D00A6A2B5 /* Sources */,
				EDC8C3C72B8F692D00A6A2B5 /* Frameworks */,
				EDC8C3C82B8F692D00A6A2B5 /* Resources */,
			);
			buildRules = (
			);
			dependencies = (
				EDC8C3CC2B8F692D00A6A2B5 /* PBXTargetDependency */,
			);
			name = WheatherUIUITests;
			productName = WheatherUIUITests;
			productReference = EDC8C3CA2B8F692D00A6A2B5 /* WheatherUIUITests.xctest */;
			productType = "com.apple.product-type.bundle.ui-testing";
		};
/* End PBXNativeTarget section */

/* Begin PBXProject section */
		EDC8C3A82B8F692900A6A2B5 /* Project object */ = {
			isa = PBXProject;
			attributes = {
				BuildIndependentTargetsInParallel = 1;
				LastSwiftUpdateCheck = 1520;
				LastUpgradeCheck = 1520;
				TargetAttributes = {
					EDC8C3AF2B8F692900A6A2B5 = {
						CreatedOnToolsVersion = 15.2;
					};
					EDC8C3BF2B8F692D00A6A2B5 = {
						CreatedOnToolsVersion = 15.2;
						TestTargetID = EDC8C3AF2B8F692900A6A2B5;
					};
					EDC8C3C92B8F692D00A6A2B5 = {
						CreatedOnToolsVersion = 15.2;
						TestTargetID = EDC8C3AF2B8F692900A6A2B5;
					};
				};
			};
			buildConfigurationList = EDC8C3AB2B8F692900A6A2B5 /* Build configuration list for PBXProject "WheatherUI" */;
			compatibilityVersion = "Xcode 14.0";
			developmentRegion = en;
			hasScannedForEncodings = 0;
			knownRegions = (
				en,
				Base,
			);
			mainGroup = EDC8C3A72B8F692900A6A2B5;
			packageReferences = (
				ED6B31222BB1AB750012B377 /* XCRemoteSwiftPackageReference "BottomSheet" */,
				ED6B31232BB1B8EA0012B377 /* XCRemoteSwiftPackageReference "SnapKit" */,
			);
			productRefGroup = EDC8C3B12B8F692900A6A2B5 /* Products */;
			projectDirPath = "";
			projectRoot = "";
			targets = (
				EDC8C3AF2B8F692900A6A2B5 /* WheatherUI */,
				EDC8C3BF2B8F692D00A6A2B5 /* WheatherUITests */,
				EDC8C3C92B8F692D00A6A2B5 /* WheatherUIUITests */,
			);
		};
/* End PBXProject section */

/* Begin PBXResourcesBuildPhase section */
		EDC8C3AE2B8F692900A6A2B5 /* Resources */ = {
			isa = PBXResourcesBuildPhase;
			buildActionMask = 2147483647;
			files = (
				EDC8C3BB2B8F692C00A6A2B5 /* Preview Assets.xcassets in Resources */,
				EDC8C3B82B8F692C00A6A2B5 /* Assets.xcassets in Resources */,
			);
			runOnlyForDeploymentPostprocessing = 0;
		};
		EDC8C3BE2B8F692D00A6A2B5 /* Resources */ = {
			isa = PBXResourcesBuildPhase;
			buildActionMask = 2147483647;
			files = (
			);
			runOnlyForDeploymentPostprocessing = 0;
		};
		EDC8C3C82B8F692D00A6A2B5 /* Resources */ = {
			isa = PBXResourcesBuildPhase;
			buildActionMask = 2147483647;
			files = (
			);
			runOnlyForDeploymentPostprocessing = 0;
		};
/* End PBXResourcesBuildPhase section */

/* Begin PBXSourcesBuildPhase section */
		EDC8C3AC2B8F692900A6A2B5 /* Sources */ = {
			isa = PBXSourcesBuildPhase;
			buildActionMask = 2147483647;
			files = (
				EDC8C3F82B9387EA00A6A2B5 /* CornerRadius.swift in Sources */,
				EDC8C3B62B8F692900A6A2B5 /* ContentView.swift in Sources */,
				ED6B311B2BB194000012B377 /* ForecastCard.swift in Sources */,
				EDC8C3E92B8F742800A6A2B5 /* HomeView.swift in Sources */,
				ED6B311D2BB1999B0012B377 /* NavigationBar.swift in Sources */,
				ED6B31212BB19FCE0012B377 /* WeatherWidget.swift in Sources */,
				ED6B311F2BB19A9C0012B377 /* WeatherView.swift in Sources */,
				EDC8C3E72B8F711100A6A2B5 /* Extensions.swift in Sources */,
				EDC8C3B42B8F692900A6A2B5 /* WheatherUIApp.swift in Sources */,
				EDC8C3F22B90C34100A6A2B5 /* ForecastView.swift in Sources */,
				EDC3FDA52B95D08900521043 /* Blur.swift in Sources */,
				EDC8C3EB2B90A35900A6A2B5 /* TabBar.swift in Sources */,
				ED6B31192BB191F90012B377 /* ForecastModel.swift in Sources */,
				ED6B31172BB18E070012B377 /* SegmentedControl.swift in Sources */,
				EDC8C3ED2B90AC9200A6A2B5 /* Shapes.swift in Sources */,
			);
			runOnlyForDeploymentPostprocessing = 0;
		};
		EDC8C3BC2B8F692D00A6A2B5 /* Sources */ = {
			isa = PBXSourcesBuildPhase;
			buildActionMask = 2147483647;
			files = (
				EDC8C3C52B8F692D00A6A2B5 /* WheatherUITests.swift in Sources */,
			);
			runOnlyForDeploymentPostprocessing = 0;
		};
		EDC8C3C62B8F692D00A6A2B5 /* Sources */ = {
			isa = PBXSourcesBuildPhase;
			buildActionMask = 2147483647;
			files = (
				EDC8C3D12B8F692D00A6A2B5 /* WheatherUIUITestsLaunchTests.swift in Sources */,
				EDC8C3CF2B8F692D00A6A2B5 /* WheatherUIUITests.swift in Sources */,
			);
			runOnlyForDeploymentPostprocessing = 0;
		};
/* End PBXSourcesBuildPhase section */

/* Begin PBXTargetDependency section */
		EDC8C3C22B8F692D00A6A2B5 /* PBXTargetDependency */ = {
			isa = PBXTargetDependency;
			target = EDC8C3AF2B8F692900A6A2B5 /* WheatherUI */;
			targetProxy = EDC8C3C12B8F692D00A6A2B5 /* PBXContainerItemProxy */;
		};
		EDC8C3CC2B8F692D00A6A2B5 /* PBXTargetDependency */ = {
			isa = PBXTargetDependency;
			target = EDC8C3AF2B8F692900A6A2B5 /* WheatherUI */;
			targetProxy = EDC8C3CB2B8F692D00A6A2B5 /* PBXContainerItemProxy */;
		};
/* End PBXTargetDependency section */

/* Begin XCBuildConfiguration section */
		EDC8C3D22B8F692D00A6A2B5 /* Debug */ = {
			isa = XCBuildConfiguration;
			buildSettings = {
				ALWAYS_SEARCH_USER_PATHS = NO;
				ASSETCATALOG_COMPILER_GENERATE_SWIFT_ASSET_SYMBOL_EXTENSIONS = YES;
				CLANG_ANALYZER_NONNULL = YES;
				CLANG_ANALYZER_NUMBER_OBJECT_CONVERSION = YES_AGGRESSIVE;
				CLANG_CXX_LANGUAGE_STANDARD = "gnu++20";
				CLANG_ENABLE_MODULES = YES;
				CLANG_ENABLE_OBJC_ARC = YES;
				CLANG_ENABLE_OBJC_WEAK = YES;
				CLANG_WARN_BLOCK_CAPTURE_AUTORELEASING = YES;
				CLANG_WARN_BOOL_CONVERSION = YES;
				CLANG_WARN_COMMA = YES;
				CLANG_WARN_CONSTANT_CONVERSION = YES;
				CLANG_WARN_DEPRECATED_OBJC_IMPLEMENTATIONS = YES;
				CLANG_WARN_DIRECT_OBJC_ISA_USAGE = YES_ERROR;
				CLANG_WARN_DOCUMENTATION_COMMENTS = YES;
				CLANG_WARN_EMPTY_BODY = YES;
				CLANG_WARN_ENUM_CONVERSION = YES;
				CLANG_WARN_INFINITE_RECURSION = YES;
				CLANG_WARN_INT_CONVERSION = YES;
				CLANG_WARN_NON_LITERAL_NULL_CONVERSION = YES;
				CLANG_WARN_OBJC_IMPLICIT_RETAIN_SELF = YES;
				CLANG_WARN_OBJC_LITERAL_CONVERSION = YES;
				CLANG_WARN_OBJC_ROOT_CLASS = YES_ERROR;
				CLANG_WARN_QUOTED_INCLUDE_IN_FRAMEWORK_HEADER = YES;
				CLANG_WARN_RANGE_LOOP_ANALYSIS = YES;
				CLANG_WARN_STRICT_PROTOTYPES = YES;
				CLANG_WARN_SUSPICIOUS_MOVE = YES;
				CLANG_WARN_UNGUARDED_AVAILABILITY = YES_AGGRESSIVE;
				CLANG_WARN_UNREACHABLE_CODE = YES;
				CLANG_WARN__DUPLICATE_METHOD_MATCH = YES;
				COPY_PHASE_STRIP = NO;
				DEBUG_INFORMATION_FORMAT = dwarf;
				ENABLE_STRICT_OBJC_MSGSEND = YES;
				ENABLE_TESTABILITY = YES;
				ENABLE_USER_SCRIPT_SANDBOXING = YES;
				GCC_C_LANGUAGE_STANDARD = gnu17;
				GCC_DYNAMIC_NO_PIC = NO;
				GCC_NO_COMMON_BLOCKS = YES;
				GCC_OPTIMIZATION_LEVEL = 0;
				GCC_PREPROCESSOR_DEFINITIONS = (
					"DEBUG=1",
					"$(inherited)",
				);
				GCC_WARN_64_TO_32_BIT_CONVERSION = YES;
				GCC_WARN_ABOUT_RETURN_TYPE = YES_ERROR;
				GCC_WARN_UNDECLARED_SELECTOR = YES;
				GCC_WARN_UNINITIALIZED_AUTOS = YES_AGGRESSIVE;
				GCC_WARN_UNUSED_FUNCTION = YES;
				GCC_WARN_UNUSED_VARIABLE = YES;
				IPHONEOS_DEPLOYMENT_TARGET = 17.2;
				LOCALIZATION_PREFERS_STRING_CATALOGS = YES;
				MTL_ENABLE_DEBUG_INFO = INCLUDE_SOURCE;
				MTL_FAST_MATH = YES;
				ONLY_ACTIVE_ARCH = YES;
				SDKROOT = iphoneos;
				SWIFT_ACTIVE_COMPILATION_CONDITIONS = "DEBUG $(inherited)";
				SWIFT_OPTIMIZATION_LEVEL = "-Onone";
			};
			name = Debug;
		};
		EDC8C3D32B8F692D00A6A2B5 /* Release */ = {
			isa = XCBuildConfiguration;
			buildSettings = {
				ALWAYS_SEARCH_USER_PATHS = NO;
				ASSETCATALOG_COMPILER_GENERATE_SWIFT_ASSET_SYMBOL_EXTENSIONS = YES;
				CLANG_ANALYZER_NONNULL = YES;
				CLANG_ANALYZER_NUMBER_OBJECT_CONVERSION = YES_AGGRESSIVE;
				CLANG_CXX_LANGUAGE_STANDARD = "gnu++20";
				CLANG_ENABLE_MODULES = YES;
				CLANG_ENABLE_OBJC_ARC = YES;
				CLANG_ENABLE_OBJC_WEAK = YES;
				CLANG_WARN_BLOCK_CAPTURE_AUTORELEASING = YES;
				CLANG_WARN_BOOL_CONVERSION = YES;
				CLANG_WARN_COMMA = YES;
				CLANG_WARN_CONSTANT_CONVERSION = YES;
				CLANG_WARN_DEPRECATED_OBJC_IMPLEMENTATIONS = YES;
				CLANG_WARN_DIRECT_OBJC_ISA_USAGE = YES_ERROR;
				CLANG_WARN_DOCUMENTATION_COMMENTS = YES;
				CLANG_WARN_EMPTY_BODY = YES;
				CLANG_WARN_ENUM_CONVERSION = YES;
				CLANG_WARN_INFINITE_RECURSION = YES;
				CLANG_WARN_INT_CONVERSION = YES;
				CLANG_WARN_NON_LITERAL_NULL_CONVERSION = YES;
				CLANG_WARN_OBJC_IMPLICIT_RETAIN_SELF = YES;
				CLANG_WARN_OBJC_LITERAL_CONVERSION = YES;
				CLANG_WARN_OBJC_ROOT_CLASS = YES_ERROR;
				CLANG_WARN_QUOTED_INCLUDE_IN_FRAMEWORK_HEADER = YES;
				CLANG_WARN_RANGE_LOOP_ANALYSIS = YES;
				CLANG_WARN_STRICT_PROTOTYPES = YES;
				CLANG_WARN_SUSPICIOUS_MOVE = YES;
				CLANG_WARN_UNGUARDED_AVAILABILITY = YES_AGGRESSIVE;
				CLANG_WARN_UNREACHABLE_CODE = YES;
				CLANG_WARN__DUPLICATE_METHOD_MATCH = YES;
				COPY_PHASE_STRIP = NO;
				DEBUG_INFORMATION_FORMAT = "dwarf-with-dsym";
				ENABLE_NS_ASSERTIONS = NO;
				ENABLE_STRICT_OBJC_MSGSEND = YES;
				ENABLE_USER_SCRIPT_SANDBOXING = YES;
				GCC_C_LANGUAGE_STANDARD = gnu17;
				GCC_NO_COMMON_BLOCKS = YES;
				GCC_WARN_64_TO_32_BIT_CONVERSION = YES;
				GCC_WARN_ABOUT_RETURN_TYPE = YES_ERROR;
				GCC_WARN_UNDECLARED_SELECTOR = YES;
				GCC_WARN_UNINITIALIZED_AUTOS = YES_AGGRESSIVE;
				GCC_WARN_UNUSED_FUNCTION = YES;
				GCC_WARN_UNUSED_VARIABLE = YES;
				IPHONEOS_DEPLOYMENT_TARGET = 17.2;
				LOCALIZATION_PREFERS_STRING_CATALOGS = YES;
				MTL_ENABLE_DEBUG_INFO = NO;
				MTL_FAST_MATH = YES;
				SDKROOT = iphoneos;
				SWIFT_COMPILATION_MODE = wholemodule;
				VALIDATE_PRODUCT = YES;
			};
			name = Release;
		};
		EDC8C3D52B8F692D00A6A2B5 /* Debug */ = {
			isa = XCBuildConfiguration;
			buildSettings = {
				ASSETCATALOG_COMPILER_APPICON_NAME = AppIcon;
				ASSETCATALOG_COMPILER_GLOBAL_ACCENT_COLOR_NAME = AccentColor;
				CODE_SIGN_STYLE = Automatic;
				CURRENT_PROJECT_VERSION = 1;
				DEVELOPMENT_ASSET_PATHS = "\"WheatherUI/Preview Content\"";
				ENABLE_PREVIEWS = YES;
				GENERATE_INFOPLIST_FILE = YES;
				INFOPLIST_KEY_UIApplicationSceneManifest_Generation = YES;
				INFOPLIST_KEY_UIApplicationSupportsIndirectInputEvents = YES;
				INFOPLIST_KEY_UILaunchScreen_Generation = YES;
				INFOPLIST_KEY_UISupportedInterfaceOrientations_iPad = "UIInterfaceOrientationPortrait UIInterfaceOrientationPortraitUpsideDown UIInterfaceOrientationLandscapeLeft UIInterfaceOrientationLandscapeRight";
				INFOPLIST_KEY_UISupportedInterfaceOrientations_iPhone = "UIInterfaceOrientationPortrait UIInterfaceOrientationLandscapeLeft UIInterfaceOrientationLandscapeRight";
				LD_RUNPATH_SEARCH_PATHS = (
					"$(inherited)",
					"@executable_path/Frameworks",
				);
				MARKETING_VERSION = 1.0;
				PRODUCT_BUNDLE_IDENTIFIER = classes.WheatherUI;
				PRODUCT_NAME = "$(TARGET_NAME)";
				SWIFT_EMIT_LOC_STRINGS = YES;
				SWIFT_VERSION = 5.0;
				TARGETED_DEVICE_FAMILY = "1,2";
			};
			name = Debug;
		};
		EDC8C3D62B8F692D00A6A2B5 /* Release */ = {
			isa = XCBuildConfiguration;
			buildSettings = {
				ASSETCATALOG_COMPILER_APPICON_NAME = AppIcon;
				ASSETCATALOG_COMPILER_GLOBAL_ACCENT_COLOR_NAME = AccentColor;
				CODE_SIGN_STYLE = Automatic;
				CURRENT_PROJECT_VERSION = 1;
				DEVELOPMENT_ASSET_PATHS = "\"WheatherUI/Preview Content\"";
				ENABLE_PREVIEWS = YES;
				GENERATE_INFOPLIST_FILE = YES;
				INFOPLIST_KEY_UIApplicationSceneManifest_Generation = YES;
				INFOPLIST_KEY_UIApplicationSupportsIndirectInputEvents = YES;
				INFOPLIST_KEY_UILaunchScreen_Generation = YES;
				INFOPLIST_KEY_UISupportedInterfaceOrientations_iPad = "UIInterfaceOrientationPortrait UIInterfaceOrientationPortraitUpsideDown UIInterfaceOrientationLandscapeLeft UIInterfaceOrientationLandscapeRight";
				INFOPLIST_KEY_UISupportedInterfaceOrientations_iPhone = "UIInterfaceOrientationPortrait UIInterfaceOrientationLandscapeLeft UIInterfaceOrientationLandscapeRight";
				LD_RUNPATH_SEARCH_PATHS = (
					"$(inherited)",
					"@executable_path/Frameworks",
				);
				MARKETING_VERSION = 1.0;
				PRODUCT_BUNDLE_IDENTIFIER = classes.WheatherUI;
				PRODUCT_NAME = "$(TARGET_NAME)";
				SWIFT_EMIT_LOC_STRINGS = YES;
				SWIFT_VERSION = 5.0;
				TARGETED_DEVICE_FAMILY = "1,2";
			};
			name = Release;
		};
		EDC8C3D82B8F692D00A6A2B5 /* Debug */ = {
			isa = XCBuildConfiguration;
			buildSettings = {
				ALWAYS_EMBED_SWIFT_STANDARD_LIBRARIES = YES;
				BUNDLE_LOADER = "$(TEST_HOST)";
				CODE_SIGN_STYLE = Automatic;
				CURRENT_PROJECT_VERSION = 1;
				GENERATE_INFOPLIST_FILE = YES;
				IPHONEOS_DEPLOYMENT_TARGET = 17.2;
				MARKETING_VERSION = 1.0;
				PRODUCT_BUNDLE_IDENTIFIER = classes.WheatherUITests;
				PRODUCT_NAME = "$(TARGET_NAME)";
				SWIFT_EMIT_LOC_STRINGS = NO;
				SWIFT_VERSION = 5.0;
				TARGETED_DEVICE_FAMILY = "1,2";
				TEST_HOST = "$(BUILT_PRODUCTS_DIR)/WheatherUI.app/$(BUNDLE_EXECUTABLE_FOLDER_PATH)/WheatherUI";
			};
			name = Debug;
		};
		EDC8C3D92B8F692D00A6A2B5 /* Release */ = {
			isa = XCBuildConfiguration;
			buildSettings = {
				ALWAYS_EMBED_SWIFT_STANDARD_LIBRARIES = YES;
				BUNDLE_LOADER = "$(TEST_HOST)";
				CODE_SIGN_STYLE = Automatic;
				CURRENT_PROJECT_VERSION = 1;
				GENERATE_INFOPLIST_FILE = YES;
				IPHONEOS_DEPLOYMENT_TARGET = 17.2;
				MARKETING_VERSION = 1.0;
				PRODUCT_BUNDLE_IDENTIFIER = classes.WheatherUITests;
				PRODUCT_NAME = "$(TARGET_NAME)";
				SWIFT_EMIT_LOC_STRINGS = NO;
				SWIFT_VERSION = 5.0;
				TARGETED_DEVICE_FAMILY = "1,2";
				TEST_HOST = "$(BUILT_PRODUCTS_DIR)/WheatherUI.app/$(BUNDLE_EXECUTABLE_FOLDER_PATH)/WheatherUI";
			};
			name = Release;
		};
		EDC8C3DB2B8F692D00A6A2B5 /* Debug */ = {
			isa = XCBuildConfiguration;
			buildSettings = {
				ALWAYS_EMBED_SWIFT_STANDARD_LIBRARIES = YES;
				CODE_SIGN_STYLE = Automatic;
				CURRENT_PROJECT_VERSION = 1;
				GENERATE_INFOPLIST_FILE = YES;
				MARKETING_VERSION = 1.0;
				PRODUCT_BUNDLE_IDENTIFIER = classes.WheatherUIUITests;
				PRODUCT_NAME = "$(TARGET_NAME)";
				SWIFT_EMIT_LOC_STRINGS = NO;
				SWIFT_VERSION = 5.0;
				TARGETED_DEVICE_FAMILY = "1,2";
				TEST_TARGET_NAME = WheatherUI;
			};
			name = Debug;
		};
		EDC8C3DC2B8F692D00A6A2B5 /* Release */ = {
			isa = XCBuildConfiguration;
			buildSettings = {
				ALWAYS_EMBED_SWIFT_STANDARD_LIBRARIES = YES;
				CODE_SIGN_STYLE = Automatic;
				CURRENT_PROJECT_VERSION = 1;
				GENERATE_INFOPLIST_FILE = YES;
				MARKETING_VERSION = 1.0;
				PRODUCT_BUNDLE_IDENTIFIER = classes.WheatherUIUITests;
				PRODUCT_NAME = "$(TARGET_NAME)";
				SWIFT_EMIT_LOC_STRINGS = NO;
				SWIFT_VERSION = 5.0;
				TARGETED_DEVICE_FAMILY = "1,2";
				TEST_TARGET_NAME = WheatherUI;
			};
			name = Release;
		};
/* End XCBuildConfiguration section */

/* Begin XCConfigurationList section */
		EDC8C3AB2B8F692900A6A2B5 /* Build configuration list for PBXProject "WheatherUI" */ = {
			isa = XCConfigurationList;
			buildConfigurations = (
				EDC8C3D22B8F692D00A6A2B5 /* Debug */,
				EDC8C3D32B8F692D00A6A2B5 /* Release */,
			);
			defaultConfigurationIsVisible = 0;
			defaultConfigurationName = Release;
		};
		EDC8C3D42B8F692D00A6A2B5 /* Build configuration list for PBXNativeTarget "WheatherUI" */ = {
			isa = XCConfigurationList;
			buildConfigurations = (
				EDC8C3D52B8F692D00A6A2B5 /* Debug */,
				EDC8C3D62B8F692D00A6A2B5 /* Release */,
			);
			defaultConfigurationIsVisible = 0;
			defaultConfigurationName = Release;
		};
		EDC8C3D72B8F692D00A6A2B5 /* Build configuration list for PBXNativeTarget "WheatherUITests" */ = {
			isa = XCConfigurationList;
			buildConfigurations = (
				EDC8C3D82B8F692D00A6A2B5 /* Debug */,
				EDC8C3D92B8F692D00A6A2B5 /* Release */,
			);
			defaultConfigurationIsVisible = 0;
			defaultConfigurationName = Release;
		};
		EDC8C3DA2B8F692D00A6A2B5 /* Build configuration list for PBXNativeTarget "WheatherUIUITests" */ = {
			isa = XCConfigurationList;
			buildConfigurations = (
				EDC8C3DB2B8F692D00A6A2B5 /* Debug */,
				EDC8C3DC2B8F692D00A6A2B5 /* Release */,
			);
			defaultConfigurationIsVisible = 0;
			defaultConfigurationName = Release;
		};
/* End XCConfigurationList section */

/* Begin XCRemoteSwiftPackageReference section */
		ED6B31222BB1AB750012B377 /* XCRemoteSwiftPackageReference "BottomSheet" */ = {
			isa = XCRemoteSwiftPackageReference;
			repositoryURL = "https://github.com/Wouter125/BottomSheet";
			requirement = {
				kind = versionRange;
				maximumVersion = 2.0.0;
				minimumVersion = 1.0.0;
			};
		};
		ED6B31232BB1B8EA0012B377 /* XCRemoteSwiftPackageReference "SnapKit" */ = {
			isa = XCRemoteSwiftPackageReference;
			repositoryURL = "https://github.com/SnapKit/SnapKit";
			requirement = {
				kind = upToNextMajorVersion;
				minimumVersion = 5.7.1;
			};
		};
/* End XCRemoteSwiftPackageReference section */

/* Begin XCSwiftPackageProductDependency section */
		EDC8C3FC2B93AA9F00A6A2B5 /* BottomSheet */ = {
			isa = XCSwiftPackageProductDependency;
			productName = BottomSheet;
		};
/* End XCSwiftPackageProductDependency section */
	};
	rootObject = EDC8C3A82B8F692900A6A2B5 /* Project object */;
}
